
Microsoft Visual Studio Solution File, Format Version 11.00
# Visual Studio 2010
Project("{8BC9CEB8-8B4A-11D0-8D11-00A0C91BC942}") = "mit_atoi", "mit_atoi\mit_atoi.vcxproj", "{21127F44-5A22-482F-9F7C-6BBB6186C7B7}"
EndProject
Global
	GlobalSection(SolutionConfigurationPlatforms) = preSolution
		Debug|Win32 = Debug|Win32
		Release|Win32 = Release|Win32
	EndGlobalSection
	GlobalSection(ProjectConfigurationPlatforms) = postSolution
		{21127F44-5A22-482F-9F7C-6BBB6186C7B7}.Debug|Win32.ActiveCfg = Debug|Win32
		{21127F44-5A22-482F-9F7C-6BBB6186C7B7}.Debug|Win32.Build.0 = Debug|Win32
		{21127F44-5A22-482F-9F7C-6BBB6186C7B7}.Release|Win32.ActiveCfg = Release|Win32
		{21127F44-5A22-482F-9F7C-6BBB6186C7B7}.Release|Win32.Build.0 = Release|Win32
	EndGlobalSection
	GlobalSection(SolutionProperties) = preSolution
		HideSolutionNode = FALSE
	EndGlobalSection
EndGlobal
