
Microsoft Visual Studio Solution File, Format Version 11.00
# Visual Studio 2010
Project("{FAE04EC0-301F-11D3-BF4B-00C04F79EFBC}") = "p281", "p281\p281.csproj", "{74647306-6825-425C-9C50-D1589A0991C6}"
EndProject
Global
	GlobalSection(SolutionConfigurationPlatforms) = preSolution
		Debug|x86 = Debug|x86
		Release|x86 = Release|x86
	EndGlobalSection
	GlobalSection(ProjectConfigurationPlatforms) = postSolution
		{74647306-6825-425C-9C50-D1589A0991C6}.Debug|x86.ActiveCfg = Debug|x86
		{74647306-6825-425C-9C50-D1589A0991C6}.Debug|x86.Build.0 = Debug|x86
		{74647306-6825-425C-9C50-D1589A0991C6}.Release|x86.ActiveCfg = Release|x86
		{74647306-6825-425C-9C50-D1589A0991C6}.Release|x86.Build.0 = Release|x86
	EndGlobalSection
	GlobalSection(SolutionProperties) = preSolution
		HideSolutionNode = FALSE
	EndGlobalSection
EndGlobal
